// !$*UTF8*$!
{
	archiveVersion = 1;
	classes = {
	};
	objectVersion = 56;
	objects = {

/* Begin PBXBuildFile section */
		DF787FB52A0387040037C432 /* ModernUiTodoApp.swift in Sources */ = {isa = PBXBuildFile; fileRef = DF787FB42A0387040037C432 /* ModernUiTodoApp.swift */; };
		DF787FB92A0387050037C432 /* Assets.xcassets in Resources */ = {isa = PBXBuildFile; fileRef = DF787FB82A0387050037C432 /* Assets.xcassets */; };
		DF787FBD2A0387050037C432 /* Preview Assets.xcassets in Resources */ = {isa = PBXBuildFile; fileRef = DF787FBC2A0387050037C432 /* Preview Assets.xcassets */; };
		DF787FC52A0387460037C432 /* HomepageView.swift in Sources */ = {isa = PBXBuildFile; fileRef = DF787FC42A0387460037C432 /* HomepageView.swift */; };
		DF787FC82A038CA40037C432 /* HomepageModel.swift in Sources */ = {isa = PBXBuildFile; fileRef = DF787FC72A038CA40037C432 /* HomepageModel.swift */; };
		DF787FCA2A0393450037C432 /* TodoModel.swift in Sources */ = {isa = PBXBuildFile; fileRef = DF787FC92A0393450037C432 /* TodoModel.swift */; };
		DF787FCC2A0394D70037C432 /* TodoCardView.swift in Sources */ = {isa = PBXBuildFile; fileRef = DF787FCB2A0394D70037C432 /* TodoCardView.swift */; };
		DF787FCE2A03A74A0037C432 /* ColorPalleteModel.swift in Sources */ = {isa = PBXBuildFile; fileRef = DF787FCD2A03A74A0037C432 /* ColorPalleteModel.swift */; };
		DF787FD02A03B29A0037C432 /* TodoDescriptiveView.swift in Sources */ = {isa = PBXBuildFile; fileRef = DF787FCF2A03B29A0037C432 /* TodoDescriptiveView.swift */; };
		DF787FD52A03C8B40037C432 /* Dragger in Frameworks */ = {isa = PBXBuildFile; productRef = DF787FD42A03C8B40037C432 /* Dragger */; };
		DF787FD72A03C8CF0037C432 /* MarkAsDoneDraggerView.swift in Sources */ = {isa = PBXBuildFile; fileRef = DF787FD62A03C8CF0037C432 /* MarkAsDoneDraggerView.swift */; };
		DF787FD92A03D2230037C432 /* DraggableTodoSheet.swift in Sources */ = {isa = PBXBuildFile; fileRef = DF787FD82A03D2230037C432 /* DraggableTodoSheet.swift */; };
		DF8BDDCB2A063CA0009B1F26 /* SplashView.swift in Sources */ = {isa = PBXBuildFile; fileRef = DF8BDDCA2A063CA0009B1F26 /* SplashView.swift */; };
/* End PBXBuildFile section */

/* Begin PBXFileReference section */
		DF787FB12A0387040037C432 /* ModernUiTodo.app */ = {isa = PBXFileReference; explicitFileType = wrapper.application; includeInIndex = 0; path = ModernUiTodo.app; sourceTree = BUILT_PRODUCTS_DIR; };
		DF787FB42A0387040037C432 /* ModernUiTodoApp.swift */ = {isa = PBXFileReference; lastKnownFileType = sourcecode.swift; path = ModernUiTodoApp.swift; sourceTree = "<group>"; };
		DF787FB82A0387050037C432 /* Assets.xcassets */ = {isa = PBXFileReference; lastKnownFileType = folder.assetcatalog; path = Assets.xcassets; sourceTree = "<group>"; };
		DF787FBA2A0387050037C432 /* ModernUiTodo.entitlements */ = {isa = PBXFileReference; lastKnownFileType = text.plist.entitlements; path = ModernUiTodo.entitlements; sourceTree = "<group>"; };
		DF787FBC2A0387050037C432 /* Preview Assets.xcassets */ = {isa = PBXFileReference; lastKnownFileType = folder.assetcatalog; path = "Preview Assets.xcassets"; sourceTree = "<group>"; };
		DF787FC42A0387460037C432 /* HomepageView.swift */ = {isa = PBXFileReference; lastKnownFileType = sourcecode.swift; path = HomepageView.swift; sourceTree = "<group>"; };
		DF787FC72A038CA40037C432 /* HomepageModel.swift */ = {isa = PBXFileReference; lastKnownFileType = sourcecode.swift; path = HomepageModel.swift; sourceTree = "<group>"; };
		DF787FC92A0393450037C432 /* TodoModel.swift */ = {isa = PBXFileReference; lastKnownFileType = sourcecode.swift; path = TodoModel.swift; sourceTree = "<group>"; };
		DF787FCB2A0394D70037C432 /* TodoCardView.swift */ = {isa = PBXFileReference; lastKnownFileType = sourcecode.swift; path = TodoCardView.swift; sourceTree = "<group>"; };
		DF787FCD2A03A74A0037C432 /* ColorPalleteModel.swift */ = {isa = PBXFileReference; lastKnownFileType = sourcecode.swift; path = ColorPalleteModel.swift; sourceTree = "<group>"; };
		DF787FCF2A03B29A0037C432 /* TodoDescriptiveView.swift */ = {isa = PBXFileReference; lastKnownFileType = sourcecode.swift; path = TodoDescriptiveView.swift; sourceTree = "<group>"; };
		DF787FD62A03C8CF0037C432 /* MarkAsDoneDraggerView.swift */ = {isa = PBXFileReference; lastKnownFileType = sourcecode.swift; path = MarkAsDoneDraggerView.swift; sourceTree = "<group>"; };
		DF787FD82A03D2230037C432 /* DraggableTodoSheet.swift */ = {isa = PBXFileReference; lastKnownFileType = sourcecode.swift; path = DraggableTodoSheet.swift; sourceTree = "<group>"; };
		DF8BDDCA2A063CA0009B1F26 /* SplashView.swift */ = {isa = PBXFileReference; lastKnownFileType = sourcecode.swift; path = SplashView.swift; sourceTree = "<group>"; };
/* End PBXFileReference section */

/* Begin PBXFrameworksBuildPhase section */
		DF787FAE2A0387040037C432 /* Frameworks */ = {
			isa = PBXFrameworksBuildPhase;
			buildActionMask = 2147483647;
			files = (
				DF787FD52A03C8B40037C432 /* Dragger in Frameworks */,
			);
			runOnlyForDeploymentPostprocessing = 0;
		};
/* End PBXFrameworksBuildPhase section */

/* Begin PBXGroup section */
		DF787FA82A0387040037C432 = {
			isa = PBXGroup;
			children = (
				DF787FB32A0387040037C432 /* ModernUiTodo */,
				DF787FB22A0387040037C432 /* Products */,
			);
			sourceTree = "<group>";
		};
		DF787FB22A0387040037C432 /* Products */ = {
			isa = PBXGroup;
			children = (
				DF787FB12A0387040037C432 /* ModernUiTodo.app */,
			);
			name = Products;
			sourceTree = "<group>";
		};
		DF787FB32A0387040037C432 /* ModernUiTodo */ = {
			isa = PBXGroup;
			children = (
				DF787FC62A038C9A0037C432 /* models */,
				DF787FC32A03870E0037C432 /* views */,
				DF787FB42A0387040037C432 /* ModernUiTodoApp.swift */,
				DF787FB82A0387050037C432 /* Assets.xcassets */,
				DF787FBA2A0387050037C432 /* ModernUiTodo.entitlements */,
				DF787FBB2A0387050037C432 /* Preview Content */,
			);
			path = ModernUiTodo;
			sourceTree = "<group>";
		};
		DF787FBB2A0387050037C432 /* Preview Content */ = {
			isa = PBXGroup;
			children = (
				DF787FBC2A0387050037C432 /* Preview Assets.xcassets */,
			);
			path = "Preview Content";
			sourceTree = "<group>";
		};
		DF787FC32A03870E0037C432 /* views */ = {
			isa = PBXGroup;
			children = (
				DF787FC42A0387460037C432 /* HomepageView.swift */,
				DF787FCB2A0394D70037C432 /* TodoCardView.swift */,
				DF787FCF2A03B29A0037C432 /* TodoDescriptiveView.swift */,
				DF787FD62A03C8CF0037C432 /* MarkAsDoneDraggerView.swift */,
				DF787FD82A03D2230037C432 /* DraggableTodoSheet.swift */,
				DF8BDDCA2A063CA0009B1F26 /* SplashView.swift */,
			);
			path = views;
			sourceTree = "<group>";
		};
		DF787FC62A038C9A0037C432 /* models */ = {
			isa = PBXGroup;
			children = (
				DF787FC72A038CA40037C432 /* HomepageModel.swift */,
				DF787FC92A0393450037C432 /* TodoModel.swift */,
				DF787FCD2A03A74A0037C432 /* ColorPalleteModel.swift */,
			);
			path = models;
			sourceTree = "<group>";
		};
/* End PBXGroup section */

/* Begin PBXNativeTarget section */
		DF787FB02A0387040037C432 /* ModernUiTodo */ = {
			isa = PBXNativeTarget;
			buildConfigurationList = DF787FC02A0387050037C432 /* Build configuration list for PBXNativeTarget "ModernUiTodo" */;
			buildPhases = (
				DF787FAD2A0387040037C432 /* Sources */,
				DF787FAE2A0387040037C432 /* Frameworks */,
				DF787FAF2A0387040037C432 /* Resources */,
			);
			buildRules = (
			);
			dependencies = (
			);
			name = ModernUiTodo;
			packageProductDependencies = (
				DF787FD42A03C8B40037C432 /* Dragger */,
			);
			productName = ModernUiTodo;
			productReference = DF787FB12A0387040037C432 /* ModernUiTodo.app */;
			productType = "com.apple.product-type.application";
		};
/* End PBXNativeTarget section */

/* Begin PBXProject section */
		DF787FA92A0387040037C432 /* Project object */ = {
			isa = PBXProject;
			attributes = {
				BuildIndependentTargetsInParallel = 1;
				LastSwiftUpdateCheck = 1420;
				LastUpgradeCheck = 1420;
				TargetAttributes = {
					DF787FB02A0387040037C432 = {
						CreatedOnToolsVersion = 14.2;
					};
				};
			};
			buildConfigurationList = DF787FAC2A0387040037C432 /* Build configuration list for PBXProject "ModernUiTodo" */;
			compatibilityVersion = "Xcode 14.0";
			developmentRegion = en;
			hasScannedForEncodings = 0;
			knownRegions = (
				en,
				Base,
			);
			mainGroup = DF787FA82A0387040037C432;
			packageReferences = (
				DF787FD32A03C8B40037C432 /* XCRemoteSwiftPackageReference "Dragger" */,
			);
			productRefGroup = DF787FB22A0387040037C432 /* Products */;
			projectDirPath = "";
			projectRoot = "";
			targets = (
				DF787FB02A0387040037C432 /* ModernUiTodo */,
			);
		};
/* End PBXProject section */

/* Begin PBXResourcesBuildPhase section */
		DF787FAF2A0387040037C432 /* Resources */ = {
			isa = PBXResourcesBuildPhase;
			buildActionMask = 2147483647;
			files = (
				DF787FBD2A0387050037C432 /* Preview Assets.xcassets in Resources */,
				DF787FB92A0387050037C432 /* Assets.xcassets in Resources */,
			);
			runOnlyForDeploymentPostprocessing = 0;
		};
/* End PBXResourcesBuildPhase section */

/* Begin PBXSourcesBuildPhase section */
		DF787FAD2A0387040037C432 /* Sources */ = {
			isa = PBXSourcesBuildPhase;
			buildActionMask = 2147483647;
			files = (
				DF787FC52A0387460037C432 /* HomepageView.swift in Sources */,
				DF787FC82A038CA40037C432 /* HomepageModel.swift in Sources */,
				DF787FCA2A0393450037C432 /* TodoModel.swift in Sources */,
				DF787FCE2A03A74A0037C432 /* ColorPalleteModel.swift in Sources */,
				DF787FD72A03C8CF0037C432 /* MarkAsDoneDraggerView.swift in Sources */,
				DF787FCC2A0394D70037C432 /* TodoCardView.swift in Sources */,
				DF787FD92A03D2230037C432 /* DraggableTodoSheet.swift in Sources */,
				DF8BDDCB2A063CA0009B1F26 /* SplashView.swift in Sources */,
				DF787FB52A0387040037C432 /* ModernUiTodoApp.swift in Sources */,
				DF787FD02A03B29A0037C432 /* TodoDescriptiveView.swift in Sources */,
			);
			runOnlyForDeploymentPostprocessing = 0;
		};
/* End PBXSourcesBuildPhase section */

/* Begin XCBuildConfiguration section */
		DF787FBE2A0387050037C432 /* Debug */ = {
			isa = XCBuildConfiguration;
			buildSettings = {
				ALWAYS_SEARCH_USER_PATHS = NO;
				CLANG_ANALYZER_NONNULL = YES;
				CLANG_ANALYZER_NUMBER_OBJECT_CONVERSION = YES_AGGRESSIVE;
				CLANG_CXX_LANGUAGE_STANDARD = "gnu++20";
				CLANG_ENABLE_MODULES = YES;
				CLANG_ENABLE_OBJC_ARC = YES;
				CLANG_ENABLE_OBJC_WEAK = YES;
				CLANG_WARN_BLOCK_CAPTURE_AUTORELEASING = YES;
				CLANG_WARN_BOOL_CONVERSION = YES;
				CLANG_WARN_COMMA = YES;
				CLANG_WARN_CONSTANT_CONVERSION = YES;
				CLANG_WARN_DEPRECATED_OBJC_IMPLEMENTATIONS = YES;
				CLANG_WARN_DIRECT_OBJC_ISA_USAGE = YES_ERROR;
				CLANG_WARN_DOCUMENTATION_COMMENTS = YES;
				CLANG_WARN_EMPTY_BODY = YES;
				CLANG_WARN_ENUM_CONVERSION = YES;
				CLANG_WARN_INFINITE_RECURSION = YES;
				CLANG_WARN_INT_CONVERSION = YES;
				CLANG_WARN_NON_LITERAL_NULL_CONVERSION = YES;
				CLANG_WARN_OBJC_IMPLICIT_RETAIN_SELF = YES;
				CLANG_WARN_OBJC_LITERAL_CONVERSION = YES;
				CLANG_WARN_OBJC_ROOT_CLASS = YES_ERROR;
				CLANG_WARN_QUOTED_INCLUDE_IN_FRAMEWORK_HEADER = YES;
				CLANG_WARN_RANGE_LOOP_ANALYSIS = YES;
				CLANG_WARN_STRICT_PROTOTYPES = YES;
				CLANG_WARN_SUSPICIOUS_MOVE = YES;
				CLANG_WARN_UNGUARDED_AVAILABILITY = YES_AGGRESSIVE;
				CLANG_WARN_UNREACHABLE_CODE = YES;
				CLANG_WARN__DUPLICATE_METHOD_MATCH = YES;
				COPY_PHASE_STRIP = NO;
				DEBUG_INFORMATION_FORMAT = dwarf;
				ENABLE_STRICT_OBJC_MSGSEND = YES;
				ENABLE_TESTABILITY = YES;
				GCC_C_LANGUAGE_STANDARD = gnu11;
				GCC_DYNAMIC_NO_PIC = NO;
				GCC_NO_COMMON_BLOCKS = YES;
				GCC_OPTIMIZATION_LEVEL = 0;
				GCC_PREPROCESSOR_DEFINITIONS = (
					"DEBUG=1",
					"$(inherited)",
				);
				GCC_WARN_64_TO_32_BIT_CONVERSION = YES;
				GCC_WARN_ABOUT_RETURN_TYPE = YES_ERROR;
				GCC_WARN_UNDECLARED_SELECTOR = YES;
				GCC_WARN_UNINITIALIZED_AUTOS = YES_AGGRESSIVE;
				GCC_WARN_UNUSED_FUNCTION = YES;
				GCC_WARN_UNUSED_VARIABLE = YES;
				MTL_ENABLE_DEBUG_INFO = INCLUDE_SOURCE;
				MTL_FAST_MATH = YES;
				ONLY_ACTIVE_ARCH = YES;
				SWIFT_ACTIVE_COMPILATION_CONDITIONS = DEBUG;
				SWIFT_OPTIMIZATION_LEVEL = "-Onone";
			};
			name = Debug;
		};
		DF787FBF2A0387050037C432 /* Release */ = {
			isa = XCBuildConfiguration;
			buildSettings = {
				ALWAYS_SEARCH_USER_PATHS = NO;
				CLANG_ANALYZER_NONNULL = YES;
				CLANG_ANALYZER_NUMBER_OBJECT_CONVERSION = YES_AGGRESSIVE;
				CLANG_CXX_LANGUAGE_STANDARD = "gnu++20";
				CLANG_ENABLE_MODULES = YES;
				CLANG_ENABLE_OBJC_ARC = YES;
				CLANG_ENABLE_OBJC_WEAK = YES;
				CLANG_WARN_BLOCK_CAPTURE_AUTORELEASING = YES;
				CLANG_WARN_BOOL_CONVERSION = YES;
				CLANG_WARN_COMMA = YES;
				CLANG_WARN_CONSTANT_CONVERSION = YES;
				CLANG_WARN_DEPRECATED_OBJC_IMPLEMENTATIONS = YES;
				CLANG_WARN_DIRECT_OBJC_ISA_USAGE = YES_ERROR;
				CLANG_WARN_DOCUMENTATION_COMMENTS = YES;
				CLANG_WARN_EMPTY_BODY = YES;
				CLANG_WARN_ENUM_CONVERSION = YES;
				CLANG_WARN_INFINITE_RECURSION = YES;
				CLANG_WARN_INT_CONVERSION = YES;
				CLANG_WARN_NON_LITERAL_NULL_CONVERSION = YES;
				CLANG_WARN_OBJC_IMPLICIT_RETAIN_SELF = YES;
				CLANG_WARN_OBJC_LITERAL_CONVERSION = YES;
				CLANG_WARN_OBJC_ROOT_CLASS = YES_ERROR;
				CLANG_WARN_QUOTED_INCLUDE_IN_FRAMEWORK_HEADER = YES;
				CLANG_WARN_RANGE_LOOP_ANALYSIS = YES;
				CLANG_WARN_STRICT_PROTOTYPES = YES;
				CLANG_WARN_SUSPICIOUS_MOVE = YES;
				CLANG_WARN_UNGUARDED_AVAILABILITY = YES_AGGRESSIVE;
				CLANG_WARN_UNREACHABLE_CODE = YES;
				CLANG_WARN__DUPLICATE_METHOD_MATCH = YES;
				COPY_PHASE_STRIP = NO;
				DEBUG_INFORMATION_FORMAT = "dwarf-with-dsym";
				ENABLE_NS_ASSERTIONS = NO;
				ENABLE_STRICT_OBJC_MSGSEND = YES;
				GCC_C_LANGUAGE_STANDARD = gnu11;
				GCC_NO_COMMON_BLOCKS = YES;
				GCC_WARN_64_TO_32_BIT_CONVERSION = YES;
				GCC_WARN_ABOUT_RETURN_TYPE = YES_ERROR;
				GCC_WARN_UNDECLARED_SELECTOR = YES;
				GCC_WARN_UNINITIALIZED_AUTOS = YES_AGGRESSIVE;
				GCC_WARN_UNUSED_FUNCTION = YES;
				GCC_WARN_UNUSED_VARIABLE = YES;
				MTL_ENABLE_DEBUG_INFO = NO;
				MTL_FAST_MATH = YES;
				SWIFT_COMPILATION_MODE = wholemodule;
				SWIFT_OPTIMIZATION_LEVEL = "-O";
			};
			name = Release;
		};
		DF787FC12A0387050037C432 /* Debug */ = {
			isa = XCBuildConfiguration;
			buildSettings = {
				ASSETCATALOG_COMPILER_APPICON_NAME = AppIcon;
				ASSETCATALOG_COMPILER_GLOBAL_ACCENT_COLOR_NAME = AccentColor;
				CODE_SIGN_ENTITLEMENTS = ModernUiTodo/ModernUiTodo.entitlements;
				CODE_SIGN_STYLE = Automatic;
				CURRENT_PROJECT_VERSION = 1;
				DEVELOPMENT_ASSET_PATHS = "\"ModernUiTodo/Preview Content\"";
				DEVELOPMENT_TEAM = UDGXAJ9ZXG;
				ENABLE_HARDENED_RUNTIME = YES;
				ENABLE_PREVIEWS = YES;
				GENERATE_INFOPLIST_FILE = YES;
				"INFOPLIST_KEY_UIApplicationSceneManifest_Generation[sdk=iphoneos*]" = YES;
				"INFOPLIST_KEY_UIApplicationSceneManifest_Generation[sdk=iphonesimulator*]" = YES;
				"INFOPLIST_KEY_UIApplicationSupportsIndirectInputEvents[sdk=iphoneos*]" = YES;
				"INFOPLIST_KEY_UIApplicationSupportsIndirectInputEvents[sdk=iphonesimulator*]" = YES;
				"INFOPLIST_KEY_UILaunchScreen_Generation[sdk=iphoneos*]" = YES;
				"INFOPLIST_KEY_UILaunchScreen_Generation[sdk=iphonesimulator*]" = YES;
				"INFOPLIST_KEY_UIStatusBarStyle[sdk=iphoneos*]" = UIStatusBarStyleDefault;
				"INFOPLIST_KEY_UIStatusBarStyle[sdk=iphonesimulator*]" = UIStatusBarStyleDefault;
				INFOPLIST_KEY_UISupportedInterfaceOrientations_iPad = "UIInterfaceOrientationPortrait UIInterfaceOrientationPortraitUpsideDown UIInterfaceOrientationLandscapeLeft UIInterfaceOrientationLandscapeRight";
				INFOPLIST_KEY_UISupportedInterfaceOrientations_iPhone = "UIInterfaceOrientationPortrait UIInterfaceOrientationLandscapeLeft UIInterfaceOrientationLandscapeRight";
				IPHONEOS_DEPLOYMENT_TARGET = 16.2;
				LD_RUNPATH_SEARCH_PATHS = "@executable_path/Frameworks";
				"LD_RUNPATH_SEARCH_PATHS[sdk=macosx*]" = "@executable_path/../Frameworks";
				MACOSX_DEPLOYMENT_TARGET = 13.1;
				MARKETING_VERSION = 1.0;
				PRODUCT_BUNDLE_IDENTIFIER = com.learner.ModernUiTodo;
				PRODUCT_NAME = "$(TARGET_NAME)";
				SDKROOT = auto;
				SUPPORTED_PLATFORMS = "iphoneos iphonesimulator macosx";
				SWIFT_EMIT_LOC_STRINGS = YES;
				SWIFT_VERSION = 5.0;
				TARGETED_DEVICE_FAMILY = "1,2";
			};
			name = Debug;
		};
		DF787FC22A0387050037C432 /* Release */ = {
			isa = XCBuildConfiguration;
			buildSettings = {
				ASSETCATALOG_COMPILER_APPICON_NAME = AppIcon;
				ASSETCATALOG_COMPILER_GLOBAL_ACCENT_COLOR_NAME = AccentColor;
				CODE_SIGN_ENTITLEMENTS = ModernUiTodo/ModernUiTodo.entitlements;
				CODE_SIGN_STYLE = Automatic;
				CURRENT_PROJECT_VERSION = 1;
				DEVELOPMENT_ASSET_PATHS = "\"ModernUiTodo/Preview Content\"";
				DEVELOPMENT_TEAM = UDGXAJ9ZXG;
				ENABLE_HARDENED_RUNTIME = YES;
				ENABLE_PREVIEWS = YES;
				GENERATE_INFOPLIST_FILE = YES;
				"INFOPLIST_KEY_UIApplicationSceneManifest_Generation[sdk=iphoneos*]" = YES;
				"INFOPLIST_KEY_UIApplicationSceneManifest_Generation[sdk=iphonesimulator*]" = YES;
				"INFOPLIST_KEY_UIApplicationSupportsIndirectInputEvents[sdk=iphoneos*]" = YES;
				"INFOPLIST_KEY_UIApplicationSupportsIndirectInputEvents[sdk=iphonesimulator*]" = YES;
				"INFOPLIST_KEY_UILaunchScreen_Generation[sdk=iphoneos*]" = YES;
				"INFOPLIST_KEY_UILaunchScreen_Generation[sdk=iphonesimulator*]" = YES;
				"INFOPLIST_KEY_UIStatusBarStyle[sdk=iphoneos*]" = UIStatusBarStyleDefault;
				"INFOPLIST_KEY_UIStatusBarStyle[sdk=iphonesimulator*]" = UIStatusBarStyleDefault;
				INFOPLIST_KEY_UISupportedInterfaceOrientations_iPad = "UIInterfaceOrientationPortrait UIInterfaceOrientationPortraitUpsideDown UIInterfaceOrientationLandscapeLeft UIInterfaceOrientationLandscapeRight";
				INFOPLIST_KEY_UISupportedInterfaceOrientations_iPhone = "UIInterfaceOrientationPortrait UIInterfaceOrientationLandscapeLeft UIInterfaceOrientationLandscapeRight";
				IPHONEOS_DEPLOYMENT_TARGET = 16.2;
				LD_RUNPATH_SEARCH_PATHS = "@executable_path/Frameworks";
				"LD_RUNPATH_SEARCH_PATHS[sdk=macosx*]" = "@executable_path/../Frameworks";
				MACOSX_DEPLOYMENT_TARGET = 13.1;
				MARKETING_VERSION = 1.0;
				PRODUCT_BUNDLE_IDENTIFIER = com.learner.ModernUiTodo;
				PRODUCT_NAME = "$(TARGET_NAME)";
				SDKROOT = auto;
				SUPPORTED_PLATFORMS = "iphoneos iphonesimulator macosx";
				SWIFT_EMIT_LOC_STRINGS = YES;
				SWIFT_VERSION = 5.0;
				TARGETED_DEVICE_FAMILY = "1,2";
			};
			name = Release;
		};
/* End XCBuildConfiguration section */

/* Begin XCConfigurationList section */
		DF787FAC2A0387040037C432 /* Build configuration list for PBXProject "ModernUiTodo" */ = {
			isa = XCConfigurationList;
			buildConfigurations = (
				DF787FBE2A0387050037C432 /* Debug */,
				DF787FBF2A0387050037C432 /* Release */,
			);
			defaultConfigurationIsVisible = 0;
			defaultConfigurationName = Release;
		};
		DF787FC02A0387050037C432 /* Build configuration list for PBXNativeTarget "ModernUiTodo" */ = {
			isa = XCConfigurationList;
			buildConfigurations = (
				DF787FC12A0387050037C432 /* Debug */,
				DF787FC22A0387050037C432 /* Release */,
			);
			defaultConfigurationIsVisible = 0;
			defaultConfigurationName = Release;
		};
/* End XCConfigurationList section */

/* Begin XCRemoteSwiftPackageReference section */
		DF787FD32A03C8B40037C432 /* XCRemoteSwiftPackageReference "Dragger" */ = {
			isa = XCRemoteSwiftPackageReference;
			repositoryURL = "https://github.com/kwiessle/Dragger.git";
			requirement = {
				kind = upToNextMajorVersion;
				minimumVersion = 1.0.0;
			};
		};
/* End XCRemoteSwiftPackageReference section */

/* Begin XCSwiftPackageProductDependency section */
		DF787FD42A03C8B40037C432 /* Dragger */ = {
			isa = XCSwiftPackageProductDependency;
			package = DF787FD32A03C8B40037C432 /* XCRemoteSwiftPackageReference "Dragger" */;
			productName = Dragger;
		};
/* End XCSwiftPackageProductDependency section */
	};
	rootObject = DF787FA92A0387040037C432 /* Project object */;
}
